
Microsoft Visual Studio Solution File, Format Version 12.00
# Visual Studio Version 16
VisualStudioVersion = 16.0.30907.101
MinimumVisualStudioVersion = 10.0.40219.1
Project("{FAE04EC0-301F-11D3-BF4B-00C04F79EFBC}") = "Apple Store", "Apple Store.csproj", "{D49A66BA-8E99-46E4-A4F6-D6C2FAB1BFFE}"
EndProject
Global
	GlobalSection(SolutionConfigurationPlatforms) = preSolution
		Debug|Any CPU = Debug|Any CPU
		Release|Any CPU = Release|Any CPU
	EndGlobalSection
	GlobalSection(ProjectConfigurationPlatforms) = postSolution
		{D49A66BA-8E99-46E4-A4F6-D6C2FAB1BFFE}.Debug|Any CPU.ActiveCfg = Debug|Any CPU
		{D49A66BA-8E99-46E4-A4F6-D6C2FAB1BFFE}.Debug|Any CPU.Build.0 = Debug|Any CPU
		{D49A66BA-8E99-46E4-A4F6-D6C2FAB1BFFE}.Release|Any CPU.ActiveCfg = Release|Any CPU
		{D49A66BA-8E99-46E4-A4F6-D6C2FAB1BFFE}.Release|Any CPU.Build.0 = Release|Any CPU
	EndGlobalSection
	GlobalSection(SolutionProperties) = preSolution
		HideSolutionNode = FALSE
	EndGlobalSection
	GlobalSection(ExtensibilityGlobals) = postSolution
		SolutionGuid = {098C6737-B760-4784-AB77-0342252F9A95}
	EndGlobalSection
EndGlobal
